
Microsoft Visual Studio Solution File, Format Version 12.00
# Visual Studio Version 16
VisualStudioVersion = 16.0.29806.167
MinimumVisualStudioVersion = 10.0.40219.1
Project("{FAE04EC0-301F-11D3-BF4B-00C04F79EFBC}") = "Trabalhador-Hora-Contrato", "Trabalhador-Hora-Contrato\Trabalhador-Hora-Contrato.csproj", "{63235ED6-754A-4780-B1F4-6EFA87B38ED8}"
EndProject
Global
	GlobalSection(SolutionConfigurationPlatforms) = preSolution
		Debug|Any CPU = Debug|Any CPU
		Release|Any CPU = Release|Any CPU
	EndGlobalSection
	GlobalSection(ProjectConfigurationPlatforms) = postSolution
		{63235ED6-754A-4780-B1F4-6EFA87B38ED8}.Debug|Any CPU.ActiveCfg = Debug|Any CPU
		{63235ED6-754A-4780-B1F4-6EFA87B38ED8}.Debug|Any CPU.Build.0 = Debug|Any CPU
		{63235ED6-754A-4780-B1F4-6EFA87B38ED8}.Release|Any CPU.ActiveCfg = Release|Any CPU
		{63235ED6-754A-4780-B1F4-6EFA87B38ED8}.Release|Any CPU.Build.0 = Release|Any CPU
	EndGlobalSection
	GlobalSection(SolutionProperties) = preSolution
		HideSolutionNode = FALSE
	EndGlobalSection
	GlobalSection(ExtensibilityGlobals) = postSolution
		SolutionGuid = {AFA5FEF2-340F-456C-BC06-FB0275553888}
	EndGlobalSection
EndGlobal
