
Microsoft Visual Studio Solution File, Format Version 12.00
# Visual Studio Version 16
VisualStudioVersion = 16.0.29806.167
MinimumVisualStudioVersion = 10.0.40219.1
Project("{FAE04EC0-301F-11D3-BF4B-00C04F79EFBC}") = "ExFuncionarioTercerizado", "ExFuncionarioTercerizado\ExFuncionarioTercerizado.csproj", "{C482C443-C0A8-445C-A04D-C06F58D08F9A}"
EndProject
Global
	GlobalSection(SolutionConfigurationPlatforms) = preSolution
		Debug|Any CPU = Debug|Any CPU
		Release|Any CPU = Release|Any CPU
	EndGlobalSection
	GlobalSection(ProjectConfigurationPlatforms) = postSolution
		{C482C443-C0A8-445C-A04D-C06F58D08F9A}.Debug|Any CPU.ActiveCfg = Debug|Any CPU
		{C482C443-C0A8-445C-A04D-C06F58D08F9A}.Debug|Any CPU.Build.0 = Debug|Any CPU
		{C482C443-C0A8-445C-A04D-C06F58D08F9A}.Release|Any CPU.ActiveCfg = Release|Any CPU
		{C482C443-C0A8-445C-A04D-C06F58D08F9A}.Release|Any CPU.Build.0 = Release|Any CPU
	EndGlobalSection
	GlobalSection(SolutionProperties) = preSolution
		HideSolutionNode = FALSE
	EndGlobalSection
	GlobalSection(ExtensibilityGlobals) = postSolution
		SolutionGuid = {E7532C03-61B4-47E8-9011-C983AFB99EE0}
	EndGlobalSection
EndGlobal
